
Microsoft Visual Studio Solution File, Format Version 12.00
# Visual Studio Version 17
VisualStudioVersion = 17.13.35931.197 d17.13
MinimumVisualStudioVersion = 10.0.40219.1
Project("{FAE04EC0-301F-11D3-BF4B-00C04F79EFBC}") = "BlueBox", "BlueBox.csproj", "{5C716AC4-2D59-4B4A-9AB2-D4242DF453D1}"
EndProject
Project("{2150E333-8FDC-42A3-9474-1A3956D46DE8}") = "Solution Items", "Solution Items", "{8EC462FD-D22E-90A8-E5CE-7E832BA40C5D}"
	ProjectSection(SolutionItems) = preProject
		OutlineForm.Designer.cs = OutlineForm.Designer.cs
	EndProjectSection
EndProject
Global
	GlobalSection(SolutionConfigurationPlatforms) = preSolution
		Debug|Any CPU = Debug|Any CPU
		Release|Any CPU = Release|Any CPU
	EndGlobalSection
	GlobalSection(ProjectConfigurationPlatforms) = postSolution
		{5C716AC4-2D59-4B4A-9AB2-D4242DF453D1}.Debug|Any CPU.ActiveCfg = Debug|Any CPU
		{5C716AC4-2D59-4B4A-9AB2-D4242DF453D1}.Debug|Any CPU.Build.0 = Debug|Any CPU
		{5C716AC4-2D59-4B4A-9AB2-D4242DF453D1}.Release|Any CPU.ActiveCfg = Release|Any CPU
		{5C716AC4-2D59-4B4A-9AB2-D4242DF453D1}.Release|Any CPU.Build.0 = Release|Any CPU
	EndGlobalSection
	GlobalSection(SolutionProperties) = preSolution
		HideSolutionNode = FALSE
	EndGlobalSection
	GlobalSection(ExtensibilityGlobals) = postSolution
		SolutionGuid = {618110A8-5BEE-4D36-8C8D-AD44FFD382CA}
	EndGlobalSection
EndGlobal
